{
  "name": "lit-in-polymer2-poc",
  "version": "1.0.0",
  "lockfileVersion": 1,
  "requires": true,
  "dependencies": {
    "@lion/button": {
      "version": "0.3.5",
      "resolved": "https://registry.npmjs.org/@lion/button/-/button-0.3.5.tgz",
      "integrity": "sha512-9ZuPCyyQA8W44htKQaVeOK/cSEEjVaLE5WxwUOh7szvhSZWujrkDRzOZ9lf7jby6Myn8ou49sF4yjmu0CP3JLg==",
      "requires": {
        "@lion/core": "^0.1.13"
      }
    },
    "@lion/core": {
      "version": "0.1.13",
      "resolved": "https://registry.npmjs.org/@lion/core/-/core-0.1.13.tgz",
      "integrity": "sha512-qTGQxdXo5Q8kvC0WvYRx1vaYlZg9SXo2uF/C+71ff8B8jgfRcKdme11EGam39o+1YGeIdOomDp+PDkgtuAjRQg==",
      "requires": {
        "lit-element": "~2.1.0",
        "lit-html": "^1.0.0"
      }
    },
    "bower": {
      "version": "1.8.8",
      "resolved": "https://registry.npmjs.org/bower/-/bower-1.8.8.tgz",
      "integrity": "sha512-1SrJnXnkP9soITHptSO+ahx3QKp3cVzn8poI6ujqc5SeOkg5iqM1pK9H+DSc2OQ8SnO0jC/NG4Ur/UIwy7574A==",
      "dev": true
    },
    "lit-element": {
      "version": "2.1.0",
      "resolved": "https://registry.npmjs.org/lit-element/-/lit-element-2.1.0.tgz",
      "integrity": "sha512-0z/KHm1xZweivfOVRr8AKR06+D3k02u15m9s4jkuRdnGe5wfmEwePzrQQBsSZNILdnfJvfo3TJOeGhBCVZaPbw==",
      "requires": {
        "lit-html": "^1.0.0"
      }
    },
    "lit-html": {
      "version": "1.1.2",
      "resolved": "https://registry.npmjs.org/lit-html/-/lit-html-1.1.2.tgz",
      "integrity": "sha512-FFlUMKHKi+qG1x1iHNZ1hrtc/zHmfYTyrSvs3/wBTvaNtpZjOZGWzU7efGYVpgp6KvWeKF6ql9/KsCq6Z/mEDA=="
    }
  }
}
